// !$*UTF8*$!
{
	archiveVersion = 1;
	classes = {
	};
	objectVersion = 51;
	objects = {

/* Begin PBXBuildFile section */
		2691F80926CF7459F8FD6780 /* Pods_mac_min2.framework in Frameworks */ = {isa = PBXBuildFile; fileRef = 6652C5EC6E4714A36E5C550D /* Pods_mac_min2.framework */; };
		539421372383599A00418753 /* AppDelegate.swift in Sources */ = {isa = PBXBuildFile; fileRef = 539421362383599A00418753 /* AppDelegate.swift */; };
		5394213B2383599A00418753 /* ViewController.swift in Sources */ = {isa = PBXBuildFile; fileRef = 5394213A2383599A00418753 /* ViewController.swift */; };
		5394213E2383599A00418753 /* Main.storyboard in Resources */ = {isa = PBXBuildFile; fileRef = 5394213C2383599A00418753 /* Main.storyboard */; };
		539421432383599C00418753 /* LaunchScreen.storyboard in Resources */ = {isa = PBXBuildFile; fileRef = 539421412383599C00418753 /* LaunchScreen.storyboard */; };
		5394214E2383599C00418753 /* mac_min2Tests.swift in Sources */ = {isa = PBXBuildFile; fileRef = 5394214D2383599C00418753 /* mac_min2Tests.swift */; };
		539421592383599C00418753 /* mac_min2UITests.swift in Sources */ = {isa = PBXBuildFile; fileRef = 539421582383599C00418753 /* mac_min2UITests.swift */; };
		53942167238359FB00418753 /* opencv2.framework in Frameworks */ = {isa = PBXBuildFile; fileRef = 53942166238359FB00418753 /* opencv2.framework */; };
		5394216B23835A8B00418753 /* OpenCVWrapper.mm in Sources */ = {isa = PBXBuildFile; fileRef = 5394216A23835A8B00418753 /* OpenCVWrapper.mm */; };
		539421A92384721500418753 /* Assets.xcassets in Resources */ = {isa = PBXBuildFile; fileRef = 5394213F2383599C00418753 /* Assets.xcassets */; };
		539421AE2384CB6E00418753 /* OpenCVCamera.mm in Sources */ = {isa = PBXBuildFile; fileRef = 539421AD2384CB6E00418753 /* OpenCVCamera.mm */; };
		539421B12384D55800418753 /* AVFoundation.framework in Frameworks */ = {isa = PBXBuildFile; fileRef = 539421B02384D55800418753 /* AVFoundation.framework */; };
		539421B32384D5FF00418753 /* CoreMedia.framework in Frameworks */ = {isa = PBXBuildFile; fileRef = 539421B22384D5FF00418753 /* CoreMedia.framework */; };
		539421B62386160300418753 /* OpenCVImageProcessor.mm in Sources */ = {isa = PBXBuildFile; fileRef = 539421B52386160300418753 /* OpenCVImageProcessor.mm */; };
		539421B8238739D600418753 /* haarcascade_frontalface_default.xml in Resources */ = {isa = PBXBuildFile; fileRef = 539421B7238739D600418753 /* haarcascade_frontalface_default.xml */; };
		539421F3238DF38100418753 /* RawDataViewController.swift in Sources */ = {isa = PBXBuildFile; fileRef = 539421F2238DF38100418753 /* RawDataViewController.swift */; };
		539421F5238E0AF900418753 /* TestAccelerate.swift in Sources */ = {isa = PBXBuildFile; fileRef = 539421F4238E0AF800418753 /* TestAccelerate.swift */; };
		A35D78DBABE38A28AD2BB9CC /* Pods_mac_min2_mac_min2UITests.framework in Frameworks */ = {isa = PBXBuildFile; fileRef = DA01E641EDD29B8C21ABDB2C /* Pods_mac_min2_mac_min2UITests.framework */; };
		EC69B56D7385E980B09345F1 /* Pods_mac_min2Tests.framework in Frameworks */ = {isa = PBXBuildFile; fileRef = 6F709D2147BE1E56AD5A46CC /* Pods_mac_min2Tests.framework */; };
/* End PBXBuildFile section */

/* Begin PBXContainerItemProxy section */
		5394214A2383599C00418753 /* PBXContainerItemProxy */ = {
			isa = PBXContainerItemProxy;
			containerPortal = 5394212B2383599A00418753 /* Project object */;
			proxyType = 1;
			remoteGlobalIDString = 539421322383599A00418753;
			remoteInfo = mac_min2;
		};
		539421552383599C00418753 /* PBXContainerItemProxy */ = {
			isa = PBXContainerItemProxy;
			containerPortal = 5394212B2383599A00418753 /* Project object */;
			proxyType = 1;
			remoteGlobalIDString = 539421322383599A00418753;
			remoteInfo = mac_min2;
		};
/* End PBXContainerItemProxy section */

/* Begin PBXFileReference section */
		539421332383599A00418753 /* mac_min2.app */ = {isa = PBXFileReference; explicitFileType = wrapper.application; includeInIndex = 0; path = mac_min2.app; sourceTree = BUILT_PRODUCTS_DIR; };
		539421362383599A00418753 /* AppDelegate.swift */ = {isa = PBXFileReference; lastKnownFileType = sourcecode.swift; path = AppDelegate.swift; sourceTree = "<group>"; };
		5394213A2383599A00418753 /* ViewController.swift */ = {isa = PBXFileReference; lastKnownFileType = sourcecode.swift; path = ViewController.swift; sourceTree = "<group>"; };
		5394213D2383599A00418753 /* Base */ = {isa = PBXFileReference; lastKnownFileType = file.storyboard; name = Base; path = Base.lproj/Main.storyboard; sourceTree = "<group>"; };
		5394213F2383599C00418753 /* Assets.xcassets */ = {isa = PBXFileReference; lastKnownFileType = folder.assetcatalog; path = Assets.xcassets; sourceTree = "<group>"; };
		539421422383599C00418753 /* Base */ = {isa = PBXFileReference; lastKnownFileType = file.storyboard; name = Base; path = Base.lproj/LaunchScreen.storyboard; sourceTree = "<group>"; };
		539421442383599C00418753 /* Info.plist */ = {isa = PBXFileReference; lastKnownFileType = text.plist.xml; path = Info.plist; sourceTree = "<group>"; };
		539421492383599C00418753 /* mac_min2Tests.xctest */ = {isa = PBXFileReference; explicitFileType = wrapper.cfbundle; includeInIndex = 0; path = mac_min2Tests.xctest; sourceTree = BUILT_PRODUCTS_DIR; };
		5394214D2383599C00418753 /* mac_min2Tests.swift */ = {isa = PBXFileReference; lastKnownFileType = sourcecode.swift; path = mac_min2Tests.swift; sourceTree = "<group>"; };
		5394214F2383599C00418753 /* Info.plist */ = {isa = PBXFileReference; lastKnownFileType = text.plist.xml; path = Info.plist; sourceTree = "<group>"; };
		539421542383599C00418753 /* mac_min2UITests.xctest */ = {isa = PBXFileReference; explicitFileType = wrapper.cfbundle; includeInIndex = 0; path = mac_min2UITests.xctest; sourceTree = BUILT_PRODUCTS_DIR; };
		539421582383599C00418753 /* mac_min2UITests.swift */ = {isa = PBXFileReference; lastKnownFileType = sourcecode.swift; path = mac_min2UITests.swift; sourceTree = "<group>"; };
		5394215A2383599C00418753 /* Info.plist */ = {isa = PBXFileReference; lastKnownFileType = text.plist.xml; path = Info.plist; sourceTree = "<group>"; };
		53942166238359FB00418753 /* opencv2.framework */ = {isa = PBXFileReference; lastKnownFileType = wrapper.framework; path = opencv2.framework; sourceTree = "<group>"; };
		5394216823835A8B00418753 /* mac_min2-Bridging-Header.h */ = {isa = PBXFileReference; lastKnownFileType = sourcecode.c.h; path = "mac_min2-Bridging-Header.h"; sourceTree = "<group>"; };
		5394216923835A8B00418753 /* OpenCVWrapper.h */ = {isa = PBXFileReference; lastKnownFileType = sourcecode.c.h; path = OpenCVWrapper.h; sourceTree = "<group>"; };
		5394216A23835A8B00418753 /* OpenCVWrapper.mm */ = {isa = PBXFileReference; lastKnownFileType = sourcecode.cpp.objcpp; path = OpenCVWrapper.mm; sourceTree = "<group>"; };
		5394216C23835B3500418753 /* PrefixHeader.pch */ = {isa = PBXFileReference; lastKnownFileType = sourcecode.c.h; path = PrefixHeader.pch; sourceTree = "<group>"; };
		539421AC2384CB6E00418753 /* OpenCVCamera.h */ = {isa = PBXFileReference; lastKnownFileType = sourcecode.c.h; path = OpenCVCamera.h; sourceTree = "<group>"; };
		539421AD2384CB6E00418753 /* OpenCVCamera.mm */ = {isa = PBXFileReference; lastKnownFileType = sourcecode.cpp.objcpp; path = OpenCVCamera.mm; sourceTree = "<group>"; };
		539421B02384D55800418753 /* AVFoundation.framework */ = {isa = PBXFileReference; lastKnownFileType = wrapper.framework; name = AVFoundation.framework; path = System/Library/Frameworks/AVFoundation.framework; sourceTree = SDKROOT; };
		539421B22384D5FF00418753 /* CoreMedia.framework */ = {isa = PBXFileReference; lastKnownFileType = wrapper.framework; name = CoreMedia.framework; path = System/Library/Frameworks/CoreMedia.framework; sourceTree = SDKROOT; };
		539421B42386160300418753 /* OpenCVImageProcessor.h */ = {isa = PBXFileReference; lastKnownFileType = sourcecode.c.h; path = OpenCVImageProcessor.h; sourceTree = "<group>"; };
		539421B52386160300418753 /* OpenCVImageProcessor.mm */ = {isa = PBXFileReference; lastKnownFileType = sourcecode.cpp.objcpp; path = OpenCVImageProcessor.mm; sourceTree = "<group>"; };
		539421B7238739D600418753 /* haarcascade_frontalface_default.xml */ = {isa = PBXFileReference; fileEncoding = 4; lastKnownFileType = text.xml; path = haarcascade_frontalface_default.xml; sourceTree = "<group>"; };
		539421F2238DF38100418753 /* RawDataViewController.swift */ = {isa = PBXFileReference; lastKnownFileType = sourcecode.swift; path = RawDataViewController.swift; sourceTree = "<group>"; };
		539421F4238E0AF800418753 /* TestAccelerate.swift */ = {isa = PBXFileReference; lastKnownFileType = sourcecode.swift; path = TestAccelerate.swift; sourceTree = "<group>"; };
		544BD4414E69F1954A9BABCA /* Pods-mac_min2.debug.xcconfig */ = {isa = PBXFileReference; includeInIndex = 1; lastKnownFileType = text.xcconfig; name = "Pods-mac_min2.debug.xcconfig"; path = "Target Support Files/Pods-mac_min2/Pods-mac_min2.debug.xcconfig"; sourceTree = "<group>"; };
		5878B09B8C3FFC5993201EB6 /* Pods-mac_min2.release.xcconfig */ = {isa = PBXFileReference; includeInIndex = 1; lastKnownFileType = text.xcconfig; name = "Pods-mac_min2.release.xcconfig"; path = "Target Support Files/Pods-mac_min2/Pods-mac_min2.release.xcconfig"; sourceTree = "<group>"; };
		64BAE201ED0090700006ACCF /* Pods-mac_min2-mac_min2UITests.debug.xcconfig */ = {isa = PBXFileReference; includeInIndex = 1; lastKnownFileType = text.xcconfig; name = "Pods-mac_min2-mac_min2UITests.debug.xcconfig"; path = "Target Support Files/Pods-mac_min2-mac_min2UITests/Pods-mac_min2-mac_min2UITests.debug.xcconfig"; sourceTree = "<group>"; };
		6652C5EC6E4714A36E5C550D /* Pods_mac_min2.framework */ = {isa = PBXFileReference; explicitFileType = wrapper.framework; includeInIndex = 0; path = Pods_mac_min2.framework; sourceTree = BUILT_PRODUCTS_DIR; };
		6C18B14076D5332A50373516 /* Pods-mac_min2-mac_min2UITests.release.xcconfig */ = {isa = PBXFileReference; includeInIndex = 1; lastKnownFileType = text.xcconfig; name = "Pods-mac_min2-mac_min2UITests.release.xcconfig"; path = "Target Support Files/Pods-mac_min2-mac_min2UITests/Pods-mac_min2-mac_min2UITests.release.xcconfig"; sourceTree = "<group>"; };
		6F709D2147BE1E56AD5A46CC /* Pods_mac_min2Tests.framework */ = {isa = PBXFileReference; explicitFileType = wrapper.framework; includeInIndex = 0; path = Pods_mac_min2Tests.framework; sourceTree = BUILT_PRODUCTS_DIR; };
		898713A0AF1D33E23670D82C /* Pods-mac_min2Tests.debug.xcconfig */ = {isa = PBXFileReference; includeInIndex = 1; lastKnownFileType = text.xcconfig; name = "Pods-mac_min2Tests.debug.xcconfig"; path = "Target Support Files/Pods-mac_min2Tests/Pods-mac_min2Tests.debug.xcconfig"; sourceTree = "<group>"; };
		CF22470067B0959496561CE2 /* Pods-mac_min2Tests.release.xcconfig */ = {isa = PBXFileReference; includeInIndex = 1; lastKnownFileType = text.xcconfig; name = "Pods-mac_min2Tests.release.xcconfig"; path = "Target Support Files/Pods-mac_min2Tests/Pods-mac_min2Tests.release.xcconfig"; sourceTree = "<group>"; };
		DA01E641EDD29B8C21ABDB2C /* Pods_mac_min2_mac_min2UITests.framework */ = {isa = PBXFileReference; explicitFileType = wrapper.framework; includeInIndex = 0; path = Pods_mac_min2_mac_min2UITests.framework; sourceTree = BUILT_PRODUCTS_DIR; };
/* End PBXFileReference section */

/* Begin PBXFrameworksBuildPhase section */
		539421302383599A00418753 /* Frameworks */ = {
			isa = PBXFrameworksBuildPhase;
			buildActionMask = 2147483647;
			files = (
				539421B32384D5FF00418753 /* CoreMedia.framework in Frameworks */,
				539421B12384D55800418753 /* AVFoundation.framework in Frameworks */,
				53942167238359FB00418753 /* opencv2.framework in Frameworks */,
				2691F80926CF7459F8FD6780 /* Pods_mac_min2.framework in Frameworks */,
			);
			runOnlyForDeploymentPostprocessing = 0;
		};
		539421462383599C00418753 /* Frameworks */ = {
			isa = PBXFrameworksBuildPhase;
			buildActionMask = 2147483647;
			files = (
				EC69B56D7385E980B09345F1 /* Pods_mac_min2Tests.framework in Frameworks */,
			);
			runOnlyForDeploymentPostprocessing = 0;
		};
		539421512383599C00418753 /* Frameworks */ = {
			isa = PBXFrameworksBuildPhase;
			buildActionMask = 2147483647;
			files = (
				A35D78DBABE38A28AD2BB9CC /* Pods_mac_min2_mac_min2UITests.framework in Frameworks */,
			);
			runOnlyForDeploymentPostprocessing = 0;
		};
/* End PBXFrameworksBuildPhase section */

/* Begin PBXGroup section */
		2A0A67C8C15814520024C89B /* Pods */ = {
			isa = PBXGroup;
			children = (
				544BD4414E69F1954A9BABCA /* Pods-mac_min2.debug.xcconfig */,
				5878B09B8C3FFC5993201EB6 /* Pods-mac_min2.release.xcconfig */,
				64BAE201ED0090700006ACCF /* Pods-mac_min2-mac_min2UITests.debug.xcconfig */,
				6C18B14076D5332A50373516 /* Pods-mac_min2-mac_min2UITests.release.xcconfig */,
				898713A0AF1D33E23670D82C /* Pods-mac_min2Tests.debug.xcconfig */,
				CF22470067B0959496561CE2 /* Pods-mac_min2Tests.release.xcconfig */,
			);
			path = Pods;
			sourceTree = "<group>";
		};
		5394212A2383599A00418753 = {
			isa = PBXGroup;
			children = (
				539421AC2384CB6E00418753 /* OpenCVCamera.h */,
				539421AD2384CB6E00418753 /* OpenCVCamera.mm */,
				5394216923835A8B00418753 /* OpenCVWrapper.h */,
				5394216A23835A8B00418753 /* OpenCVWrapper.mm */,
				539421B42386160300418753 /* OpenCVImageProcessor.h */,
				539421B52386160300418753 /* OpenCVImageProcessor.mm */,
				5394216C23835B3500418753 /* PrefixHeader.pch */,
				53942166238359FB00418753 /* opencv2.framework */,
				539421352383599A00418753 /* mac_min2 */,
				5394214C2383599C00418753 /* mac_min2Tests */,
				539421572383599C00418753 /* mac_min2UITests */,
				539421342383599A00418753 /* Products */,
				5394216823835A8B00418753 /* mac_min2-Bridging-Header.h */,
				539421AF2384D55700418753 /* Frameworks */,
				2A0A67C8C15814520024C89B /* Pods */,
			);
			sourceTree = "<group>";
		};
		539421342383599A00418753 /* Products */ = {
			isa = PBXGroup;
			children = (
				539421332383599A00418753 /* mac_min2.app */,
				539421492383599C00418753 /* mac_min2Tests.xctest */,
				539421542383599C00418753 /* mac_min2UITests.xctest */,
			);
			name = Products;
			sourceTree = "<group>";
		};
		539421352383599A00418753 /* mac_min2 */ = {
			isa = PBXGroup;
			children = (
				539421B7238739D600418753 /* haarcascade_frontalface_default.xml */,
				539421362383599A00418753 /* AppDelegate.swift */,
				5394213A2383599A00418753 /* ViewController.swift */,
				539421F2238DF38100418753 /* RawDataViewController.swift */,
				5394213C2383599A00418753 /* Main.storyboard */,
				5394213F2383599C00418753 /* Assets.xcassets */,
				539421412383599C00418753 /* LaunchScreen.storyboard */,
				539421442383599C00418753 /* Info.plist */,
				539421F4238E0AF800418753 /* TestAccelerate.swift */,
			);
			path = mac_min2;
			sourceTree = "<group>";
		};
		5394214C2383599C00418753 /* mac_min2Tests */ = {
			isa = PBXGroup;
			children = (
				5394214D2383599C00418753 /* mac_min2Tests.swift */,
				5394214F2383599C00418753 /* Info.plist */,
			);
			path = mac_min2Tests;
			sourceTree = "<group>";
		};
		539421572383599C00418753 /* mac_min2UITests */ = {
			isa = PBXGroup;
			children = (
				539421582383599C00418753 /* mac_min2UITests.swift */,
				5394215A2383599C00418753 /* Info.plist */,
			);
			path = mac_min2UITests;
			sourceTree = "<group>";
		};
		539421AF2384D55700418753 /* Frameworks */ = {
			isa = PBXGroup;
			children = (
				539421B22384D5FF00418753 /* CoreMedia.framework */,
				539421B02384D55800418753 /* AVFoundation.framework */,
				6652C5EC6E4714A36E5C550D /* Pods_mac_min2.framework */,
				DA01E641EDD29B8C21ABDB2C /* Pods_mac_min2_mac_min2UITests.framework */,
				6F709D2147BE1E56AD5A46CC /* Pods_mac_min2Tests.framework */,
			);
			name = Frameworks;
			sourceTree = "<group>";
		};
/* End PBXGroup section */

/* Begin PBXNativeTarget section */
		539421322383599A00418753 /* mac_min2 */ = {
			isa = PBXNativeTarget;
			buildConfigurationList = 5394215D2383599C00418753 /* Build configuration list for PBXNativeTarget "mac_min2" */;
			buildPhases = (
				49E1451063F417F9D81EE3D2 /* [CP] Check Pods Manifest.lock */,
				5394212F2383599A00418753 /* Sources */,
				539421302383599A00418753 /* Frameworks */,
				539421312383599A00418753 /* Resources */,
				773A748E4487ACAA118548F7 /* [CP] Embed Pods Frameworks */,
			);
			buildRules = (
			);
			dependencies = (
			);
			name = mac_min2;
			productName = mac_min2;
			productReference = 539421332383599A00418753 /* mac_min2.app */;
			productType = "com.apple.product-type.application";
		};
		539421482383599C00418753 /* mac_min2Tests */ = {
			isa = PBXNativeTarget;
			buildConfigurationList = 539421602383599C00418753 /* Build configuration list for PBXNativeTarget "mac_min2Tests" */;
			buildPhases = (
				23A98C996555434E6E0B93ED /* [CP] Check Pods Manifest.lock */,
				539421452383599C00418753 /* Sources */,
				539421462383599C00418753 /* Frameworks */,
				539421472383599C00418753 /* Resources */,
			);
			buildRules = (
			);
			dependencies = (
				5394214B2383599C00418753 /* PBXTargetDependency */,
			);
			name = mac_min2Tests;
			productName = mac_min2Tests;
			productReference = 539421492383599C00418753 /* mac_min2Tests.xctest */;
			productType = "com.apple.product-type.bundle.unit-test";
		};
		539421532383599C00418753 /* mac_min2UITests */ = {
			isa = PBXNativeTarget;
			buildConfigurationList = 539421632383599C00418753 /* Build configuration list for PBXNativeTarget "mac_min2UITests" */;
			buildPhases = (
				57647FB64AA6B0E026A7E79A /* [CP] Check Pods Manifest.lock */,
				539421502383599C00418753 /* Sources */,
				539421512383599C00418753 /* Frameworks */,
				539421522383599C00418753 /* Resources */,
				9B738B562B8287A2E09794F2 /* [CP] Embed Pods Frameworks */,
			);
			buildRules = (
			);
			dependencies = (
				539421562383599C00418753 /* PBXTargetDependency */,
			);
			name = mac_min2UITests;
			productName = mac_min2UITests;
			productReference = 539421542383599C00418753 /* mac_min2UITests.xctest */;
			productType = "com.apple.product-type.bundle.ui-testing";
		};
/* End PBXNativeTarget section */

/* Begin PBXProject section */
		5394212B2383599A00418753 /* Project object */ = {
			isa = PBXProject;
			attributes = {
				LastSwiftUpdateCheck = 1120;
				LastUpgradeCheck = 1120;
				ORGANIZATIONNAME = "Fred OLeary";
				TargetAttributes = {
					539421322383599A00418753 = {
						CreatedOnToolsVersion = 11.2.1;
						LastSwiftMigration = 1120;
					};
					539421482383599C00418753 = {
						CreatedOnToolsVersion = 11.2.1;
						TestTargetID = 539421322383599A00418753;
					};
					539421532383599C00418753 = {
						CreatedOnToolsVersion = 11.2.1;
						TestTargetID = 539421322383599A00418753;
					};
				};
			};
			buildConfigurationList = 5394212E2383599A00418753 /* Build configuration list for PBXProject "mac_min2" */;
			compatibilityVersion = "Xcode 9.3";
			developmentRegion = en;
			hasScannedForEncodings = 0;
			knownRegions = (
				en,
				Base,
			);
			mainGroup = 5394212A2383599A00418753;
			productRefGroup = 539421342383599A00418753 /* Products */;
			projectDirPath = "";
			projectRoot = "";
			targets = (
				539421322383599A00418753 /* mac_min2 */,
				539421482383599C00418753 /* mac_min2Tests */,
				539421532383599C00418753 /* mac_min2UITests */,
			);
		};
/* End PBXProject section */

/* Begin PBXResourcesBuildPhase section */
		539421312383599A00418753 /* Resources */ = {
			isa = PBXResourcesBuildPhase;
			buildActionMask = 2147483647;
			files = (
				539421A92384721500418753 /* Assets.xcassets in Resources */,
				539421432383599C00418753 /* LaunchScreen.storyboard in Resources */,
				539421B8238739D600418753 /* haarcascade_frontalface_default.xml in Resources */,
				5394213E2383599A00418753 /* Main.storyboard in Resources */,
			);
			runOnlyForDeploymentPostprocessing = 0;
		};
		539421472383599C00418753 /* Resources */ = {
			isa = PBXResourcesBuildPhase;
			buildActionMask = 2147483647;
			files = (
			);
			runOnlyForDeploymentPostprocessing = 0;
		};
		539421522383599C00418753 /* Resources */ = {
			isa = PBXResourcesBuildPhase;
			buildActionMask = 2147483647;
			files = (
			);
			runOnlyForDeploymentPostprocessing = 0;
		};
/* End PBXResourcesBuildPhase section */

/* Begin PBXShellScriptBuildPhase section */
		23A98C996555434E6E0B93ED /* [CP] Check Pods Manifest.lock */ = {
			isa = PBXShellScriptBuildPhase;
			buildActionMask = 2147483647;
			files = (
			);
			inputFileListPaths = (
			);
			inputPaths = (
				"${PODS_PODFILE_DIR_PATH}/Podfile.lock",
				"${PODS_ROOT}/Manifest.lock",
			);
			name = "[CP] Check Pods Manifest.lock";
			outputFileListPaths = (
			);
			outputPaths = (
				"$(DERIVED_FILE_DIR)/Pods-mac_min2Tests-checkManifestLockResult.txt",
			);
			runOnlyForDeploymentPostprocessing = 0;
			shellPath = /bin/sh;
			shellScript = "diff \"${PODS_PODFILE_DIR_PATH}/Podfile.lock\" \"${PODS_ROOT}/Manifest.lock\" > /dev/null\nif [ $? != 0 ] ; then\n    # print error to STDERR\n    echo \"error: The sandbox is not in sync with the Podfile.lock. Run 'pod install' or update your CocoaPods installation.\" >&2\n    exit 1\nfi\n# This output is used by Xcode 'outputs' to avoid re-running this script phase.\necho \"SUCCESS\" > \"${SCRIPT_OUTPUT_FILE_0}\"\n";
			showEnvVarsInLog = 0;
		};
		49E1451063F417F9D81EE3D2 /* [CP] Check Pods Manifest.lock */ = {
			isa = PBXShellScriptBuildPhase;
			buildActionMask = 2147483647;
			files = (
			);
			inputFileListPaths = (
			);
			inputPaths = (
				"${PODS_PODFILE_DIR_PATH}/Podfile.lock",
				"${PODS_ROOT}/Manifest.lock",
			);
			name = "[CP] Check Pods Manifest.lock";
			outputFileListPaths = (
			);
			outputPaths = (
				"$(DERIVED_FILE_DIR)/Pods-mac_min2-checkManifestLockResult.txt",
			);
			runOnlyForDeploymentPostprocessing = 0;
			shellPath = /bin/sh;
			shellScript = "diff \"${PODS_PODFILE_DIR_PATH}/Podfile.lock\" \"${PODS_ROOT}/Manifest.lock\" > /dev/null\nif [ $? != 0 ] ; then\n    # print error to STDERR\n    echo \"error: The sandbox is not in sync with the Podfile.lock. Run 'pod install' or update your CocoaPods installation.\" >&2\n    exit 1\nfi\n# This output is used by Xcode 'outputs' to avoid re-running this script phase.\necho \"SUCCESS\" > \"${SCRIPT_OUTPUT_FILE_0}\"\n";
			showEnvVarsInLog = 0;
		};
		57647FB64AA6B0E026A7E79A /* [CP] Check Pods Manifest.lock */ = {
			isa = PBXShellScriptBuildPhase;
			buildActionMask = 2147483647;
			files = (
			);
			inputFileListPaths = (
			);
			inputPaths = (
				"${PODS_PODFILE_DIR_PATH}/Podfile.lock",
				"${PODS_ROOT}/Manifest.lock",
			);
			name = "[CP] Check Pods Manifest.lock";
			outputFileListPaths = (
			);
			outputPaths = (
				"$(DERIVED_FILE_DIR)/Pods-mac_min2-mac_min2UITests-checkManifestLockResult.txt",
			);
			runOnlyForDeploymentPostprocessing = 0;
			shellPath = /bin/sh;
			shellScript = "diff \"${PODS_PODFILE_DIR_PATH}/Podfile.lock\" \"${PODS_ROOT}/Manifest.lock\" > /dev/null\nif [ $? != 0 ] ; then\n    # print error to STDERR\n    echo \"error: The sandbox is not in sync with the Podfile.lock. Run 'pod install' or update your CocoaPods installation.\" >&2\n    exit 1\nfi\n# This output is used by Xcode 'outputs' to avoid re-running this script phase.\necho \"SUCCESS\" > \"${SCRIPT_OUTPUT_FILE_0}\"\n";
			showEnvVarsInLog = 0;
		};
		773A748E4487ACAA118548F7 /* [CP] Embed Pods Frameworks */ = {
			isa = PBXShellScriptBuildPhase;
			buildActionMask = 2147483647;
			files = (
			);
			inputFileListPaths = (
				"${PODS_ROOT}/Target Support Files/Pods-mac_min2/Pods-mac_min2-frameworks-${CONFIGURATION}-input-files.xcfilelist",
			);
			name = "[CP] Embed Pods Frameworks";
			outputFileListPaths = (
				"${PODS_ROOT}/Target Support Files/Pods-mac_min2/Pods-mac_min2-frameworks-${CONFIGURATION}-output-files.xcfilelist",
			);
			runOnlyForDeploymentPostprocessing = 0;
			shellPath = /bin/sh;
			shellScript = "\"${PODS_ROOT}/Target Support Files/Pods-mac_min2/Pods-mac_min2-frameworks.sh\"\n";
			showEnvVarsInLog = 0;
		};
		9B738B562B8287A2E09794F2 /* [CP] Embed Pods Frameworks */ = {
			isa = PBXShellScriptBuildPhase;
			buildActionMask = 2147483647;
			files = (
			);
			inputFileListPaths = (
				"${PODS_ROOT}/Target Support Files/Pods-mac_min2-mac_min2UITests/Pods-mac_min2-mac_min2UITests-frameworks-${CONFIGURATION}-input-files.xcfilelist",
			);
			name = "[CP] Embed Pods Frameworks";
			outputFileListPaths = (
				"${PODS_ROOT}/Target Support Files/Pods-mac_min2-mac_min2UITests/Pods-mac_min2-mac_min2UITests-frameworks-${CONFIGURATION}-output-files.xcfilelist",
			);
			runOnlyForDeploymentPostprocessing = 0;
			shellPath = /bin/sh;
			shellScript = "\"${PODS_ROOT}/Target Support Files/Pods-mac_min2-mac_min2UITests/Pods-mac_min2-mac_min2UITests-frameworks.sh\"\n";
			showEnvVarsInLog = 0;
		};
/* End PBXShellScriptBuildPhase section */

/* Begin PBXSourcesBuildPhase section */
		5394212F2383599A00418753 /* Sources */ = {
			isa = PBXSourcesBuildPhase;
			buildActionMask = 2147483647;
			files = (
				5394213B2383599A00418753 /* ViewController.swift in Sources */,
				539421AE2384CB6E00418753 /* OpenCVCamera.mm in Sources */,
				539421372383599A00418753 /* AppDelegate.swift in Sources */,
				5394216B23835A8B00418753 /* OpenCVWrapper.mm in Sources */,
				539421F5238E0AF900418753 /* TestAccelerate.swift in Sources */,
				539421B62386160300418753 /* OpenCVImageProcessor.mm in Sources */,
				539421F3238DF38100418753 /* RawDataViewController.swift in Sources */,
			);
			runOnlyForDeploymentPostprocessing = 0;
		};
		539421452383599C00418753 /* Sources */ = {
			isa = PBXSourcesBuildPhase;
			buildActionMask = 2147483647;
			files = (
				5394214E2383599C00418753 /* mac_min2Tests.swift in Sources */,
			);
			runOnlyForDeploymentPostprocessing = 0;
		};
		539421502383599C00418753 /* Sources */ = {
			isa = PBXSourcesBuildPhase;
			buildActionMask = 2147483647;
			files = (
				539421592383599C00418753 /* mac_min2UITests.swift in Sources */,
			);
			runOnlyForDeploymentPostprocessing = 0;
		};
/* End PBXSourcesBuildPhase section */

/* Begin PBXTargetDependency section */
		5394214B2383599C00418753 /* PBXTargetDependency */ = {
			isa = PBXTargetDependency;
			target = 539421322383599A00418753 /* mac_min2 */;
			targetProxy = 5394214A2383599C00418753 /* PBXContainerItemProxy */;
		};
		539421562383599C00418753 /* PBXTargetDependency */ = {
			isa = PBXTargetDependency;
			target = 539421322383599A00418753 /* mac_min2 */;
			targetProxy = 539421552383599C00418753 /* PBXContainerItemProxy */;
		};
/* End PBXTargetDependency section */

/* Begin PBXVariantGroup section */
		5394213C2383599A00418753 /* Main.storyboard */ = {
			isa = PBXVariantGroup;
			children = (
				5394213D2383599A00418753 /* Base */,
			);
			name = Main.storyboard;
			sourceTree = "<group>";
		};
		539421412383599C00418753 /* LaunchScreen.storyboard */ = {
			isa = PBXVariantGroup;
			children = (
				539421422383599C00418753 /* Base */,
			);
			name = LaunchScreen.storyboard;
			sourceTree = "<group>";
		};
/* End PBXVariantGroup section */

/* Begin XCBuildConfiguration section */
		5394215B2383599C00418753 /* Debug */ = {
			isa = XCBuildConfiguration;
			buildSettings = {
				ALWAYS_SEARCH_USER_PATHS = NO;
				CLANG_ANALYZER_NONNULL = YES;
				CLANG_ANALYZER_NUMBER_OBJECT_CONVERSION = YES_AGGRESSIVE;
				CLANG_CXX_LANGUAGE_STANDARD = "gnu++14";
				CLANG_CXX_LIBRARY = "libc++";
				CLANG_ENABLE_MODULES = YES;
				CLANG_ENABLE_OBJC_ARC = YES;
				CLANG_ENABLE_OBJC_WEAK = YES;
				CLANG_WARN_BLOCK_CAPTURE_AUTORELEASING = YES;
				CLANG_WARN_BOOL_CONVERSION = YES;
				CLANG_WARN_COMMA = YES;
				CLANG_WARN_CONSTANT_CONVERSION = YES;
				CLANG_WARN_DEPRECATED_OBJC_IMPLEMENTATIONS = YES;
				CLANG_WARN_DIRECT_OBJC_ISA_USAGE = YES_ERROR;
				CLANG_WARN_DOCUMENTATION_COMMENTS = YES;
				CLANG_WARN_EMPTY_BODY = YES;
				CLANG_WARN_ENUM_CONVERSION = YES;
				CLANG_WARN_INFINITE_RECURSION = YES;
				CLANG_WARN_INT_CONVERSION = YES;
				CLANG_WARN_NON_LITERAL_NULL_CONVERSION = YES;
				CLANG_WARN_OBJC_IMPLICIT_RETAIN_SELF = YES;
				CLANG_WARN_OBJC_LITERAL_CONVERSION = YES;
				CLANG_WARN_OBJC_ROOT_CLASS = YES_ERROR;
				CLANG_WARN_RANGE_LOOP_ANALYSIS = YES;
				CLANG_WARN_STRICT_PROTOTYPES = YES;
				CLANG_WARN_SUSPICIOUS_MOVE = YES;
				CLANG_WARN_UNGUARDED_AVAILABILITY = YES_AGGRESSIVE;
				CLANG_WARN_UNREACHABLE_CODE = YES;
				CLANG_WARN__DUPLICATE_METHOD_MATCH = YES;
				COPY_PHASE_STRIP = NO;
				DEBUG_INFORMATION_FORMAT = dwarf;
				ENABLE_STRICT_OBJC_MSGSEND = YES;
				ENABLE_TESTABILITY = YES;
				GCC_C_LANGUAGE_STANDARD = gnu11;
				GCC_DYNAMIC_NO_PIC = NO;
				GCC_NO_COMMON_BLOCKS = YES;
				GCC_OPTIMIZATION_LEVEL = 0;
				GCC_PREPROCESSOR_DEFINITIONS = (
					"DEBUG=1",
					"$(inherited)",
				);
				GCC_WARN_64_TO_32_BIT_CONVERSION = YES;
				GCC_WARN_ABOUT_RETURN_TYPE = YES_ERROR;
				GCC_WARN_UNDECLARED_SELECTOR = YES;
				GCC_WARN_UNINITIALIZED_AUTOS = YES_AGGRESSIVE;
				GCC_WARN_UNUSED_FUNCTION = YES;
				GCC_WARN_UNUSED_VARIABLE = YES;
				IPHONEOS_DEPLOYMENT_TARGET = 13.2;
				MTL_ENABLE_DEBUG_INFO = INCLUDE_SOURCE;
				MTL_FAST_MATH = YES;
				ONLY_ACTIVE_ARCH = YES;
				SDKROOT = iphoneos;
				SWIFT_ACTIVE_COMPILATION_CONDITIONS = DEBUG;
				SWIFT_OPTIMIZATION_LEVEL = "-Onone";
			};
			name = Debug;
		};
		5394215C2383599C00418753 /* Release */ = {
			isa = XCBuildConfiguration;
			buildSettings = {
				ALWAYS_SEARCH_USER_PATHS = NO;
				CLANG_ANALYZER_NONNULL = YES;
				CLANG_ANALYZER_NUMBER_OBJECT_CONVERSION = YES_AGGRESSIVE;
				CLANG_CXX_LANGUAGE_STANDARD = "gnu++14";
				CLANG_CXX_LIBRARY = "libc++";
				CLANG_ENABLE_MODULES = YES;
				CLANG_ENABLE_OBJC_ARC = YES;
				CLANG_ENABLE_OBJC_WEAK = YES;
				CLANG_WARN_BLOCK_CAPTURE_AUTORELEASING = YES;
				CLANG_WARN_BOOL_CONVERSION = YES;
				CLANG_WARN_COMMA = YES;
				CLANG_WARN_CONSTANT_CONVERSION = YES;
				CLANG_WARN_DEPRECATED_OBJC_IMPLEMENTATIONS = YES;
				CLANG_WARN_DIRECT_OBJC_ISA_USAGE = YES_ERROR;
				CLANG_WARN_DOCUMENTATION_COMMENTS = YES;
				CLANG_WARN_EMPTY_BODY = YES;
				CLANG_WARN_ENUM_CONVERSION = YES;
				CLANG_WARN_INFINITE_RECURSION = YES;
				CLANG_WARN_INT_CONVERSION = YES;
				CLANG_WARN_NON_LITERAL_NULL_CONVERSION = YES;
				CLANG_WARN_OBJC_IMPLICIT_RETAIN_SELF = YES;
				CLANG_WARN_OBJC_LITERAL_CONVERSION = YES;
				CLANG_WARN_OBJC_ROOT_CLASS = YES_ERROR;
				CLANG_WARN_RANGE_LOOP_ANALYSIS = YES;
				CLANG_WARN_STRICT_PROTOTYPES = YES;
				CLANG_WARN_SUSPICIOUS_MOVE = YES;
				CLANG_WARN_UNGUARDED_AVAILABILITY = YES_AGGRESSIVE;
				CLANG_WARN_UNREACHABLE_CODE = YES;
				CLANG_WARN__DUPLICATE_METHOD_MATCH = YES;
				COPY_PHASE_STRIP = NO;
				DEBUG_INFORMATION_FORMAT = "dwarf-with-dsym";
				ENABLE_NS_ASSERTIONS = NO;
				ENABLE_STRICT_OBJC_MSGSEND = YES;
				GCC_C_LANGUAGE_STANDARD = gnu11;
				GCC_NO_COMMON_BLOCKS = YES;
				GCC_WARN_64_TO_32_BIT_CONVERSION = YES;
				GCC_WARN_ABOUT_RETURN_TYPE = YES_ERROR;
				GCC_WARN_UNDECLARED_SELECTOR = YES;
				GCC_WARN_UNINITIALIZED_AUTOS = YES_AGGRESSIVE;
				GCC_WARN_UNUSED_FUNCTION = YES;
				GCC_WARN_UNUSED_VARIABLE = YES;
				IPHONEOS_DEPLOYMENT_TARGET = 13.2;
				MTL_ENABLE_DEBUG_INFO = NO;
				MTL_FAST_MATH = YES;
				SDKROOT = iphoneos;
				SWIFT_COMPILATION_MODE = wholemodule;
				SWIFT_OPTIMIZATION_LEVEL = "-O";
				VALIDATE_PRODUCT = YES;
			};
			name = Release;
		};
		5394215E2383599C00418753 /* Debug */ = {
			isa = XCBuildConfiguration;
			baseConfigurationReference = 544BD4414E69F1954A9BABCA /* Pods-mac_min2.debug.xcconfig */;
			buildSettings = {
				ASSETCATALOG_COMPILER_APPICON_NAME = AppIcon;
				CLANG_ENABLE_MODULES = YES;
				CODE_SIGN_STYLE = Automatic;
				DEVELOPMENT_TEAM = Y69W3H82PD;
				FRAMEWORK_SEARCH_PATHS = (
					"$(inherited)",
					"$(PROJECT_DIR)",
				);
				INFOPLIST_FILE = mac_min2/Info.plist;
				IPHONEOS_DEPLOYMENT_TARGET = 11.3;
				LD_RUNPATH_SEARCH_PATHS = (
					"$(inherited)",
					"@executable_path/Frameworks",
				);
				PRODUCT_BUNDLE_IDENTIFIER = "fred.mac-min2";
				PRODUCT_NAME = "$(TARGET_NAME)";
				SWIFT_OBJC_BRIDGING_HEADER = "mac_min2-Bridging-Header.h";
				SWIFT_OPTIMIZATION_LEVEL = "-Onone";
				SWIFT_VERSION = 5.0;
				TARGETED_DEVICE_FAMILY = "1,2";
			};
			name = Debug;
		};
		5394215F2383599C00418753 /* Release */ = {
			isa = XCBuildConfiguration;
			baseConfigurationReference = 5878B09B8C3FFC5993201EB6 /* Pods-mac_min2.release.xcconfig */;
			buildSettings = {
				ASSETCATALOG_COMPILER_APPICON_NAME = AppIcon;
				CLANG_ENABLE_MODULES = YES;
				CODE_SIGN_STYLE = Automatic;
				DEVELOPMENT_TEAM = Y69W3H82PD;
				FRAMEWORK_SEARCH_PATHS = (
					"$(inherited)",
					"$(PROJECT_DIR)",
				);
				INFOPLIST_FILE = mac_min2/Info.plist;
				IPHONEOS_DEPLOYMENT_TARGET = 11.3;
				LD_RUNPATH_SEARCH_PATHS = (
					"$(inherited)",
					"@executable_path/Frameworks",
				);
				PRODUCT_BUNDLE_IDENTIFIER = "fred.mac-min2";
				PRODUCT_NAME = "$(TARGET_NAME)";
				SWIFT_OBJC_BRIDGING_HEADER = "mac_min2-Bridging-Header.h";
				SWIFT_VERSION = 5.0;
				TARGETED_DEVICE_FAMILY = "1,2";
			};
			name = Release;
		};
		539421612383599C00418753 /* Debug */ = {
			isa = XCBuildConfiguration;
			baseConfigurationReference = 898713A0AF1D33E23670D82C /* Pods-mac_min2Tests.debug.xcconfig */;
			buildSettings = {
				ALWAYS_EMBED_SWIFT_STANDARD_LIBRARIES = YES;
				BUNDLE_LOADER = "$(TEST_HOST)";
				CODE_SIGN_STYLE = Automatic;
				INFOPLIST_FILE = mac_min2Tests/Info.plist;
				IPHONEOS_DEPLOYMENT_TARGET = 13.2;
				LD_RUNPATH_SEARCH_PATHS = (
					"$(inherited)",
					"@executable_path/Frameworks",
					"@loader_path/Frameworks",
				);
				PRODUCT_BUNDLE_IDENTIFIER = "fred.mac-min2Tests";
				PRODUCT_NAME = "$(TARGET_NAME)";
				SWIFT_VERSION = 5.0;
				TARGETED_DEVICE_FAMILY = "1,2";
				TEST_HOST = "$(BUILT_PRODUCTS_DIR)/mac_min2.app/mac_min2";
			};
			name = Debug;
		};
		539421622383599C00418753 /* Release */ = {
			isa = XCBuildConfiguration;
			baseConfigurationReference = CF22470067B0959496561CE2 /* Pods-mac_min2Tests.release.xcconfig */;
			buildSettings = {
				ALWAYS_EMBED_SWIFT_STANDARD_LIBRARIES = YES;
				BUNDLE_LOADER = "$(TEST_HOST)";
				CODE_SIGN_STYLE = Automatic;
				INFOPLIST_FILE = mac_min2Tests/Info.plist;
				IPHONEOS_DEPLOYMENT_TARGET = 13.2;
				LD_RUNPATH_SEARCH_PATHS = (
					"$(inherited)",
					"@executable_path/Frameworks",
					"@loader_path/Frameworks",
				);
				PRODUCT_BUNDLE_IDENTIFIER = "fred.mac-min2Tests";
				PRODUCT_NAME = "$(TARGET_NAME)";
				SWIFT_VERSION = 5.0;
				TARGETED_DEVICE_FAMILY = "1,2";
				TEST_HOST = "$(BUILT_PRODUCTS_DIR)/mac_min2.app/mac_min2";
			};
			name = Release;
		};
		539421642383599C00418753 /* Debug */ = {
			isa = XCBuildConfiguration;
			baseConfigurationReference = 64BAE201ED0090700006ACCF /* Pods-mac_min2-mac_min2UITests.debug.xcconfig */;
			buildSettings = {
				ALWAYS_EMBED_SWIFT_STANDARD_LIBRARIES = YES;
				CODE_SIGN_STYLE = Automatic;
				INFOPLIST_FILE = mac_min2UITests/Info.plist;
				LD_RUNPATH_SEARCH_PATHS = (
					"$(inherited)",
					"@executable_path/Frameworks",
					"@loader_path/Frameworks",
				);
				PRODUCT_BUNDLE_IDENTIFIER = "fred.mac-min2UITests";
				PRODUCT_NAME = "$(TARGET_NAME)";
				SWIFT_VERSION = 5.0;
				TARGETED_DEVICE_FAMILY = "1,2";
				TEST_TARGET_NAME = mac_min2;
			};
			name = Debug;
		};
		539421652383599C00418753 /* Release */ = {
			isa = XCBuildConfiguration;
			baseConfigurationReference = 6C18B14076D5332A50373516 /* Pods-mac_min2-mac_min2UITests.release.xcconfig */;
			buildSettings = {
				ALWAYS_EMBED_SWIFT_STANDARD_LIBRARIES = YES;
				CODE_SIGN_STYLE = Automatic;
				INFOPLIST_FILE = mac_min2UITests/Info.plist;
				LD_RUNPATH_SEARCH_PATHS = (
					"$(inherited)",
					"@executable_path/Frameworks",
					"@loader_path/Frameworks",
				);
				PRODUCT_BUNDLE_IDENTIFIER = "fred.mac-min2UITests";
				PRODUCT_NAME = "$(TARGET_NAME)";
				SWIFT_VERSION = 5.0;
				TARGETED_DEVICE_FAMILY = "1,2";
				TEST_TARGET_NAME = mac_min2;
			};
			name = Release;
		};
/* End XCBuildConfiguration section */

/* Begin XCConfigurationList section */
		5394212E2383599A00418753 /* Build configuration list for PBXProject "mac_min2" */ = {
			isa = XCConfigurationList;
			buildConfigurations = (
				5394215B2383599C00418753 /* Debug */,
				5394215C2383599C00418753 /* Release */,
			);
			defaultConfigurationIsVisible = 0;
			defaultConfigurationName = Release;
		};
		5394215D2383599C00418753 /* Build configuration list for PBXNativeTarget "mac_min2" */ = {
			isa = XCConfigurationList;
			buildConfigurations = (
				5394215E2383599C00418753 /* Debug */,
				5394215F2383599C00418753 /* Release */,
			);
			defaultConfigurationIsVisible = 0;
			defaultConfigurationName = Release;
		};
		539421602383599C00418753 /* Build configuration list for PBXNativeTarget "mac_min2Tests" */ = {
			isa = XCConfigurationList;
			buildConfigurations = (
				539421612383599C00418753 /* Debug */,
				539421622383599C00418753 /* Release */,
			);
			defaultConfigurationIsVisible = 0;
			defaultConfigurationName = Release;
		};
		539421632383599C00418753 /* Build configuration list for PBXNativeTarget "mac_min2UITests" */ = {
			isa = XCConfigurationList;
			buildConfigurations = (
				539421642383599C00418753 /* Debug */,
				539421652383599C00418753 /* Release */,
			);
			defaultConfigurationIsVisible = 0;
			defaultConfigurationName = Release;
		};
/* End XCConfigurationList section */
	};
	rootObject = 5394212B2383599A00418753 /* Project object */;
}
